
Microsoft Visual Studio Solution File, Format Version 12.00
Project("{2150E333-8FDC-42A3-9474-1A3956D46DE8}") = "Session1", "Session1", "{730106B7-FB8E-4A05-9356-598AE26C3957}"
EndProject
Project("{FAE04EC0-301F-11D3-BF4B-00C04F79EFBC}") = "FirstProgram", "Session1\FirstProgram\FirstProgram.csproj", "{9102AB45-E07A-4061-BC32-7C8FE608C4F3}"
EndProject
Project("{FAE04EC0-301F-11D3-BF4B-00C04F79EFBC}") = "Ex3", "Session1\Ex3\Ex3.csproj", "{6953F2AC-A7DB-4A5A-B158-AF6BAAA2EABB}"
EndProject
Project("{FAE04EC0-301F-11D3-BF4B-00C04F79EFBC}") = "Ex4", "Session1\Ex4\Ex4.csproj", "{E9154BCC-12FF-43B2-B90F-99CC61B74A6D}"
EndProject
Project("{FAE04EC0-301F-11D3-BF4B-00C04F79EFBC}") = "Ex5", "Session1\Ex5\Ex5.csproj", "{D235FAB9-1BA6-42E8-9813-AFFB045ABDAC}"
EndProject
Project("{FAE04EC0-301F-11D3-BF4B-00C04F79EFBC}") = "Ex7", "Session1\Ex7\Ex7.csproj", "{81DC32DE-6A2F-4D8B-9AB0-2FD6898ECEAB}"
EndProject
Project("{FAE04EC0-301F-11D3-BF4B-00C04F79EFBC}") = "Ex8", "Session1\Ex8\Ex8.csproj", "{00BA6251-1E2F-49BA-A416-413D0178A0CE}"
EndProject
Project("{FAE04EC0-301F-11D3-BF4B-00C04F79EFBC}") = "Ex9", "Session1\Ex9\Ex9.csproj", "{9ABF173F-E334-448F-B0B3-BEAB6D9F8F91}"
EndProject
Project("{FAE04EC0-301F-11D3-BF4B-00C04F79EFBC}") = "Ex10", "Session1\Ex10\Ex10.csproj", "{9133B621-FB37-41B6-9875-479F0980E7FD}"
EndProject
Project("{FAE04EC0-301F-11D3-BF4B-00C04F79EFBC}") = "Ex11", "Session1\Ex11\Ex11.csproj", "{89B7767F-2BB3-452D-8203-BAA9B6E12209}"
EndProject
Project("{2150E333-8FDC-42A3-9474-1A3956D46DE8}") = "Session2", "Session2", "{3484E7E8-1D03-4D4C-B652-0D35CDAEFE24}"
EndProject
Project("{FAE04EC0-301F-11D3-BF4B-00C04F79EFBC}") = "Ex1", "Session2\Ex1\Ex1.csproj", "{69FD8E47-82B0-4915-A354-487E26358ECE}"
EndProject
Project("{FAE04EC0-301F-11D3-BF4B-00C04F79EFBC}") = "Ex2", "Session2\Ex2\Ex2.csproj", "{47B9C4FC-F8B1-454E-AA44-987CB1D499B5}"
EndProject
Project("{2150E333-8FDC-42A3-9474-1A3956D46DE8}") = "Session3", "Session3", "{1AC786B3-4995-4EC8-873D-1DED202C573A}"
EndProject
Project("{FAE04EC0-301F-11D3-BF4B-00C04F79EFBC}") = "Ex1_json", "Session3\Ex1_json\Ex1_json.csproj", "{BAAB27E8-C1B2-4E73-88DF-87E5948AC334}"
EndProject
Project("{FAE04EC0-301F-11D3-BF4B-00C04F79EFBC}") = "Ex2_JSON_file_storage", "Session3\Ex2_JSON_file_storage\Ex2_JSON_file_storage.csproj", "{E6C7DAC5-CBAA-47AC-9F8C-BDD7FE5F8231}"
EndProject
Project("{FAE04EC0-301F-11D3-BF4B-00C04F79EFBC}") = "Ex3_Echo_server", "Session3\Ex3_Echo_server\Ex3_Echo_server.csproj", "{9DBDF272-25B8-4F41-BBBF-FFA692514E43}"
EndProject
Project("{FAE04EC0-301F-11D3-BF4B-00C04F79EFBC}") = "Ex3_Echo_client", "Session3\Ex3_Echo_client\Ex3_Echo_client.csproj", "{A8C20B18-6188-4FD3-9D40-681D05BA1BE4}"
EndProject
Project("{FAE04EC0-301F-11D3-BF4B-00C04F79EFBC}") = "Ex4_Multithreaded_server", "Session3\Ex4_Multithreaded_server\Ex4_Multithreaded_server.csproj", "{DC7676FC-8D2D-4CAD-A29D-2C4F4881FC7B}"
EndProject
Project("{FAE04EC0-301F-11D3-BF4B-00C04F79EFBC}") = "Ex4_client", "Session3\Ex4_client\Ex4_client.csproj", "{4CD5BCC6-E794-4D33-AC43-6D6FBB3F6225}"
EndProject
Project("{FAE04EC0-301F-11D3-BF4B-00C04F79EFBC}") = "Ex5_Chat_program_server", "Session3\Ex5_Chat_program_server\Ex5_Chat_program_server.csproj", "{CE0EA849-5F09-402C-820C-593B47BD753E}"
EndProject
Project("{FAE04EC0-301F-11D3-BF4B-00C04F79EFBC}") = "Ex5_Chat_program_client", "Session3\Ex5_Chat_program_client\Ex5_Chat_program_client.csproj", "{D2B22681-4F4F-49AF-98B6-033F4D741C1E}"
EndProject
Project("{2150E333-8FDC-42A3-9474-1A3956D46DE8}") = "Blazor", "Blazor", "{1CF773A8-91D9-4CB7-8779-9AA8EC25DAC4}"
EndProject
Project("{FAE04EC0-301F-11D3-BF4B-00C04F79EFBC}") = "TodoApp", "TodoApp\TodoApp.csproj", "{41B566FD-1DBF-4C60-97A6-70DDE2B1ACCA}"
EndProject
Project("{FAE04EC0-301F-11D3-BF4B-00C04F79EFBC}") = "TodosWebAPI", "TodosWebAPI\TodosWebAPI.csproj", "{0663A5AD-6FCC-4AAF-BCDD-777A5C06BF76}"
EndProject
Global
	GlobalSection(SolutionConfigurationPlatforms) = preSolution
		Debug|Any CPU = Debug|Any CPU
		Release|Any CPU = Release|Any CPU
	EndGlobalSection
	GlobalSection(NestedProjects) = preSolution
		{9102AB45-E07A-4061-BC32-7C8FE608C4F3} = {730106B7-FB8E-4A05-9356-598AE26C3957}
		{6953F2AC-A7DB-4A5A-B158-AF6BAAA2EABB} = {730106B7-FB8E-4A05-9356-598AE26C3957}
		{E9154BCC-12FF-43B2-B90F-99CC61B74A6D} = {730106B7-FB8E-4A05-9356-598AE26C3957}
		{D235FAB9-1BA6-42E8-9813-AFFB045ABDAC} = {730106B7-FB8E-4A05-9356-598AE26C3957}
		{81DC32DE-6A2F-4D8B-9AB0-2FD6898ECEAB} = {730106B7-FB8E-4A05-9356-598AE26C3957}
		{00BA6251-1E2F-49BA-A416-413D0178A0CE} = {730106B7-FB8E-4A05-9356-598AE26C3957}
		{9ABF173F-E334-448F-B0B3-BEAB6D9F8F91} = {730106B7-FB8E-4A05-9356-598AE26C3957}
		{9133B621-FB37-41B6-9875-479F0980E7FD} = {730106B7-FB8E-4A05-9356-598AE26C3957}
		{89B7767F-2BB3-452D-8203-BAA9B6E12209} = {730106B7-FB8E-4A05-9356-598AE26C3957}
		{69FD8E47-82B0-4915-A354-487E26358ECE} = {3484E7E8-1D03-4D4C-B652-0D35CDAEFE24}
		{47B9C4FC-F8B1-454E-AA44-987CB1D499B5} = {3484E7E8-1D03-4D4C-B652-0D35CDAEFE24}
		{BAAB27E8-C1B2-4E73-88DF-87E5948AC334} = {1AC786B3-4995-4EC8-873D-1DED202C573A}
		{E6C7DAC5-CBAA-47AC-9F8C-BDD7FE5F8231} = {1AC786B3-4995-4EC8-873D-1DED202C573A}
		{9DBDF272-25B8-4F41-BBBF-FFA692514E43} = {1AC786B3-4995-4EC8-873D-1DED202C573A}
		{A8C20B18-6188-4FD3-9D40-681D05BA1BE4} = {1AC786B3-4995-4EC8-873D-1DED202C573A}
		{DC7676FC-8D2D-4CAD-A29D-2C4F4881FC7B} = {1AC786B3-4995-4EC8-873D-1DED202C573A}
		{4CD5BCC6-E794-4D33-AC43-6D6FBB3F6225} = {1AC786B3-4995-4EC8-873D-1DED202C573A}
		{CE0EA849-5F09-402C-820C-593B47BD753E} = {1AC786B3-4995-4EC8-873D-1DED202C573A}
		{D2B22681-4F4F-49AF-98B6-033F4D741C1E} = {1AC786B3-4995-4EC8-873D-1DED202C573A}
		{41B566FD-1DBF-4C60-97A6-70DDE2B1ACCA} = {1CF773A8-91D9-4CB7-8779-9AA8EC25DAC4}
		{0663A5AD-6FCC-4AAF-BCDD-777A5C06BF76} = {1CF773A8-91D9-4CB7-8779-9AA8EC25DAC4}
	EndGlobalSection
	GlobalSection(ProjectConfigurationPlatforms) = postSolution
		{9102AB45-E07A-4061-BC32-7C8FE608C4F3}.Debug|Any CPU.ActiveCfg = Debug|Any CPU
		{9102AB45-E07A-4061-BC32-7C8FE608C4F3}.Debug|Any CPU.Build.0 = Debug|Any CPU
		{6953F2AC-A7DB-4A5A-B158-AF6BAAA2EABB}.Debug|Any CPU.ActiveCfg = Debug|Any CPU
		{6953F2AC-A7DB-4A5A-B158-AF6BAAA2EABB}.Debug|Any CPU.Build.0 = Debug|Any CPU
		{6953F2AC-A7DB-4A5A-B158-AF6BAAA2EABB}.Release|Any CPU.ActiveCfg = Release|Any CPU
		{6953F2AC-A7DB-4A5A-B158-AF6BAAA2EABB}.Release|Any CPU.Build.0 = Release|Any CPU
		{E9154BCC-12FF-43B2-B90F-99CC61B74A6D}.Debug|Any CPU.ActiveCfg = Debug|Any CPU
		{E9154BCC-12FF-43B2-B90F-99CC61B74A6D}.Debug|Any CPU.Build.0 = Debug|Any CPU
		{E9154BCC-12FF-43B2-B90F-99CC61B74A6D}.Release|Any CPU.ActiveCfg = Release|Any CPU
		{E9154BCC-12FF-43B2-B90F-99CC61B74A6D}.Release|Any CPU.Build.0 = Release|Any CPU
		{D235FAB9-1BA6-42E8-9813-AFFB045ABDAC}.Debug|Any CPU.ActiveCfg = Debug|Any CPU
		{D235FAB9-1BA6-42E8-9813-AFFB045ABDAC}.Debug|Any CPU.Build.0 = Debug|Any CPU
		{D235FAB9-1BA6-42E8-9813-AFFB045ABDAC}.Release|Any CPU.ActiveCfg = Release|Any CPU
		{D235FAB9-1BA6-42E8-9813-AFFB045ABDAC}.Release|Any CPU.Build.0 = Release|Any CPU
		{81DC32DE-6A2F-4D8B-9AB0-2FD6898ECEAB}.Debug|Any CPU.ActiveCfg = Debug|Any CPU
		{81DC32DE-6A2F-4D8B-9AB0-2FD6898ECEAB}.Debug|Any CPU.Build.0 = Debug|Any CPU
		{81DC32DE-6A2F-4D8B-9AB0-2FD6898ECEAB}.Release|Any CPU.ActiveCfg = Release|Any CPU
		{81DC32DE-6A2F-4D8B-9AB0-2FD6898ECEAB}.Release|Any CPU.Build.0 = Release|Any CPU
		{00BA6251-1E2F-49BA-A416-413D0178A0CE}.Debug|Any CPU.ActiveCfg = Debug|Any CPU
		{00BA6251-1E2F-49BA-A416-413D0178A0CE}.Debug|Any CPU.Build.0 = Debug|Any CPU
		{00BA6251-1E2F-49BA-A416-413D0178A0CE}.Release|Any CPU.ActiveCfg = Release|Any CPU
		{00BA6251-1E2F-49BA-A416-413D0178A0CE}.Release|Any CPU.Build.0 = Release|Any CPU
		{9ABF173F-E334-448F-B0B3-BEAB6D9F8F91}.Debug|Any CPU.ActiveCfg = Debug|Any CPU
		{9ABF173F-E334-448F-B0B3-BEAB6D9F8F91}.Debug|Any CPU.Build.0 = Debug|Any CPU
		{9ABF173F-E334-448F-B0B3-BEAB6D9F8F91}.Release|Any CPU.ActiveCfg = Release|Any CPU
		{9ABF173F-E334-448F-B0B3-BEAB6D9F8F91}.Release|Any CPU.Build.0 = Release|Any CPU
		{9133B621-FB37-41B6-9875-479F0980E7FD}.Debug|Any CPU.ActiveCfg = Debug|Any CPU
		{9133B621-FB37-41B6-9875-479F0980E7FD}.Debug|Any CPU.Build.0 = Debug|Any CPU
		{9133B621-FB37-41B6-9875-479F0980E7FD}.Release|Any CPU.ActiveCfg = Release|Any CPU
		{9133B621-FB37-41B6-9875-479F0980E7FD}.Release|Any CPU.Build.0 = Release|Any CPU
		{89B7767F-2BB3-452D-8203-BAA9B6E12209}.Debug|Any CPU.ActiveCfg = Debug|Any CPU
		{89B7767F-2BB3-452D-8203-BAA9B6E12209}.Debug|Any CPU.Build.0 = Debug|Any CPU
		{89B7767F-2BB3-452D-8203-BAA9B6E12209}.Release|Any CPU.ActiveCfg = Release|Any CPU
		{89B7767F-2BB3-452D-8203-BAA9B6E12209}.Release|Any CPU.Build.0 = Release|Any CPU
		{69FD8E47-82B0-4915-A354-487E26358ECE}.Debug|Any CPU.ActiveCfg = Debug|Any CPU
		{69FD8E47-82B0-4915-A354-487E26358ECE}.Debug|Any CPU.Build.0 = Debug|Any CPU
		{69FD8E47-82B0-4915-A354-487E26358ECE}.Release|Any CPU.ActiveCfg = Release|Any CPU
		{69FD8E47-82B0-4915-A354-487E26358ECE}.Release|Any CPU.Build.0 = Release|Any CPU
		{47B9C4FC-F8B1-454E-AA44-987CB1D499B5}.Debug|Any CPU.ActiveCfg = Debug|Any CPU
		{47B9C4FC-F8B1-454E-AA44-987CB1D499B5}.Debug|Any CPU.Build.0 = Debug|Any CPU
		{47B9C4FC-F8B1-454E-AA44-987CB1D499B5}.Release|Any CPU.ActiveCfg = Release|Any CPU
		{47B9C4FC-F8B1-454E-AA44-987CB1D499B5}.Release|Any CPU.Build.0 = Release|Any CPU
		{BAAB27E8-C1B2-4E73-88DF-87E5948AC334}.Debug|Any CPU.ActiveCfg = Debug|Any CPU
		{BAAB27E8-C1B2-4E73-88DF-87E5948AC334}.Debug|Any CPU.Build.0 = Debug|Any CPU
		{BAAB27E8-C1B2-4E73-88DF-87E5948AC334}.Release|Any CPU.ActiveCfg = Release|Any CPU
		{BAAB27E8-C1B2-4E73-88DF-87E5948AC334}.Release|Any CPU.Build.0 = Release|Any CPU
		{E6C7DAC5-CBAA-47AC-9F8C-BDD7FE5F8231}.Debug|Any CPU.ActiveCfg = Debug|Any CPU
		{E6C7DAC5-CBAA-47AC-9F8C-BDD7FE5F8231}.Debug|Any CPU.Build.0 = Debug|Any CPU
		{E6C7DAC5-CBAA-47AC-9F8C-BDD7FE5F8231}.Release|Any CPU.ActiveCfg = Release|Any CPU
		{E6C7DAC5-CBAA-47AC-9F8C-BDD7FE5F8231}.Release|Any CPU.Build.0 = Release|Any CPU
		{9DBDF272-25B8-4F41-BBBF-FFA692514E43}.Debug|Any CPU.ActiveCfg = Debug|Any CPU
		{9DBDF272-25B8-4F41-BBBF-FFA692514E43}.Debug|Any CPU.Build.0 = Debug|Any CPU
		{9DBDF272-25B8-4F41-BBBF-FFA692514E43}.Release|Any CPU.ActiveCfg = Release|Any CPU
		{9DBDF272-25B8-4F41-BBBF-FFA692514E43}.Release|Any CPU.Build.0 = Release|Any CPU
		{A8C20B18-6188-4FD3-9D40-681D05BA1BE4}.Debug|Any CPU.ActiveCfg = Debug|Any CPU
		{A8C20B18-6188-4FD3-9D40-681D05BA1BE4}.Debug|Any CPU.Build.0 = Debug|Any CPU
		{A8C20B18-6188-4FD3-9D40-681D05BA1BE4}.Release|Any CPU.ActiveCfg = Release|Any CPU
		{A8C20B18-6188-4FD3-9D40-681D05BA1BE4}.Release|Any CPU.Build.0 = Release|Any CPU
		{DC7676FC-8D2D-4CAD-A29D-2C4F4881FC7B}.Debug|Any CPU.ActiveCfg = Debug|Any CPU
		{DC7676FC-8D2D-4CAD-A29D-2C4F4881FC7B}.Debug|Any CPU.Build.0 = Debug|Any CPU
		{DC7676FC-8D2D-4CAD-A29D-2C4F4881FC7B}.Release|Any CPU.ActiveCfg = Release|Any CPU
		{DC7676FC-8D2D-4CAD-A29D-2C4F4881FC7B}.Release|Any CPU.Build.0 = Release|Any CPU
		{4CD5BCC6-E794-4D33-AC43-6D6FBB3F6225}.Debug|Any CPU.ActiveCfg = Debug|Any CPU
		{4CD5BCC6-E794-4D33-AC43-6D6FBB3F6225}.Debug|Any CPU.Build.0 = Debug|Any CPU
		{4CD5BCC6-E794-4D33-AC43-6D6FBB3F6225}.Release|Any CPU.ActiveCfg = Release|Any CPU
		{4CD5BCC6-E794-4D33-AC43-6D6FBB3F6225}.Release|Any CPU.Build.0 = Release|Any CPU
		{CE0EA849-5F09-402C-820C-593B47BD753E}.Debug|Any CPU.ActiveCfg = Debug|Any CPU
		{CE0EA849-5F09-402C-820C-593B47BD753E}.Debug|Any CPU.Build.0 = Debug|Any CPU
		{CE0EA849-5F09-402C-820C-593B47BD753E}.Release|Any CPU.ActiveCfg = Release|Any CPU
		{CE0EA849-5F09-402C-820C-593B47BD753E}.Release|Any CPU.Build.0 = Release|Any CPU
		{D2B22681-4F4F-49AF-98B6-033F4D741C1E}.Debug|Any CPU.ActiveCfg = Debug|Any CPU
		{D2B22681-4F4F-49AF-98B6-033F4D741C1E}.Debug|Any CPU.Build.0 = Debug|Any CPU
		{D2B22681-4F4F-49AF-98B6-033F4D741C1E}.Release|Any CPU.ActiveCfg = Release|Any CPU
		{D2B22681-4F4F-49AF-98B6-033F4D741C1E}.Release|Any CPU.Build.0 = Release|Any CPU
		{41B566FD-1DBF-4C60-97A6-70DDE2B1ACCA}.Debug|Any CPU.ActiveCfg = Debug|Any CPU
		{41B566FD-1DBF-4C60-97A6-70DDE2B1ACCA}.Debug|Any CPU.Build.0 = Debug|Any CPU
		{41B566FD-1DBF-4C60-97A6-70DDE2B1ACCA}.Release|Any CPU.ActiveCfg = Release|Any CPU
		{41B566FD-1DBF-4C60-97A6-70DDE2B1ACCA}.Release|Any CPU.Build.0 = Release|Any CPU
		{0663A5AD-6FCC-4AAF-BCDD-777A5C06BF76}.Debug|Any CPU.ActiveCfg = Debug|Any CPU
		{0663A5AD-6FCC-4AAF-BCDD-777A5C06BF76}.Debug|Any CPU.Build.0 = Debug|Any CPU
		{0663A5AD-6FCC-4AAF-BCDD-777A5C06BF76}.Release|Any CPU.ActiveCfg = Release|Any CPU
		{0663A5AD-6FCC-4AAF-BCDD-777A5C06BF76}.Release|Any CPU.Build.0 = Release|Any CPU
	EndGlobalSection
EndGlobal
