
Microsoft Visual Studio Solution File, Format Version 12.00
Project("{2150E333-8FDC-42A3-9474-1A3956D46DE8}") = "Session1", "Session1", "{730106B7-FB8E-4A05-9356-598AE26C3957}"
EndProject
Project("{FAE04EC0-301F-11D3-BF4B-00C04F79EFBC}") = "FirstProgram", "Session1\FirstProgram\FirstProgram.csproj", "{9102AB45-E07A-4061-BC32-7C8FE608C4F3}"
EndProject
Project("{FAE04EC0-301F-11D3-BF4B-00C04F79EFBC}") = "Ex3", "Session1\Ex3\Ex3.csproj", "{6953F2AC-A7DB-4A5A-B158-AF6BAAA2EABB}"
EndProject
Project("{FAE04EC0-301F-11D3-BF4B-00C04F79EFBC}") = "Ex4", "Session1\Ex4\Ex4.csproj", "{E9154BCC-12FF-43B2-B90F-99CC61B74A6D}"
EndProject
Project("{FAE04EC0-301F-11D3-BF4B-00C04F79EFBC}") = "Ex5", "Session1\Ex5\Ex5.csproj", "{D235FAB9-1BA6-42E8-9813-AFFB045ABDAC}"
EndProject
Project("{FAE04EC0-301F-11D3-BF4B-00C04F79EFBC}") = "Ex7", "Session1\Ex7\Ex7.csproj", "{81DC32DE-6A2F-4D8B-9AB0-2FD6898ECEAB}"
EndProject
Project("{FAE04EC0-301F-11D3-BF4B-00C04F79EFBC}") = "Ex8", "Session1\Ex8\Ex8.csproj", "{00BA6251-1E2F-49BA-A416-413D0178A0CE}"
EndProject
Project("{FAE04EC0-301F-11D3-BF4B-00C04F79EFBC}") = "Ex9", "Session1\Ex9\Ex9.csproj", "{9ABF173F-E334-448F-B0B3-BEAB6D9F8F91}"
EndProject
Project("{FAE04EC0-301F-11D3-BF4B-00C04F79EFBC}") = "Ex10", "Session1\Ex10\Ex10.csproj", "{9133B621-FB37-41B6-9875-479F0980E7FD}"
EndProject
Project("{FAE04EC0-301F-11D3-BF4B-00C04F79EFBC}") = "Ex11", "Session1\Ex11\Ex11.csproj", "{89B7767F-2BB3-452D-8203-BAA9B6E12209}"
EndProject
Global
	GlobalSection(SolutionConfigurationPlatforms) = preSolution
		Debug|Any CPU = Debug|Any CPU
		Release|Any CPU = Release|Any CPU
	EndGlobalSection
	GlobalSection(NestedProjects) = preSolution
		{9102AB45-E07A-4061-BC32-7C8FE608C4F3} = {730106B7-FB8E-4A05-9356-598AE26C3957}
		{6953F2AC-A7DB-4A5A-B158-AF6BAAA2EABB} = {730106B7-FB8E-4A05-9356-598AE26C3957}
		{E9154BCC-12FF-43B2-B90F-99CC61B74A6D} = {730106B7-FB8E-4A05-9356-598AE26C3957}
		{D235FAB9-1BA6-42E8-9813-AFFB045ABDAC} = {730106B7-FB8E-4A05-9356-598AE26C3957}
		{81DC32DE-6A2F-4D8B-9AB0-2FD6898ECEAB} = {730106B7-FB8E-4A05-9356-598AE26C3957}
		{00BA6251-1E2F-49BA-A416-413D0178A0CE} = {730106B7-FB8E-4A05-9356-598AE26C3957}
		{9ABF173F-E334-448F-B0B3-BEAB6D9F8F91} = {730106B7-FB8E-4A05-9356-598AE26C3957}
		{9133B621-FB37-41B6-9875-479F0980E7FD} = {730106B7-FB8E-4A05-9356-598AE26C3957}
		{89B7767F-2BB3-452D-8203-BAA9B6E12209} = {730106B7-FB8E-4A05-9356-598AE26C3957}
	EndGlobalSection
	GlobalSection(ProjectConfigurationPlatforms) = postSolution
		{9102AB45-E07A-4061-BC32-7C8FE608C4F3}.Debug|Any CPU.ActiveCfg = Debug|Any CPU
		{9102AB45-E07A-4061-BC32-7C8FE608C4F3}.Debug|Any CPU.Build.0 = Debug|Any CPU
		{6953F2AC-A7DB-4A5A-B158-AF6BAAA2EABB}.Debug|Any CPU.ActiveCfg = Debug|Any CPU
		{6953F2AC-A7DB-4A5A-B158-AF6BAAA2EABB}.Debug|Any CPU.Build.0 = Debug|Any CPU
		{6953F2AC-A7DB-4A5A-B158-AF6BAAA2EABB}.Release|Any CPU.ActiveCfg = Release|Any CPU
		{6953F2AC-A7DB-4A5A-B158-AF6BAAA2EABB}.Release|Any CPU.Build.0 = Release|Any CPU
		{E9154BCC-12FF-43B2-B90F-99CC61B74A6D}.Debug|Any CPU.ActiveCfg = Debug|Any CPU
		{E9154BCC-12FF-43B2-B90F-99CC61B74A6D}.Debug|Any CPU.Build.0 = Debug|Any CPU
		{E9154BCC-12FF-43B2-B90F-99CC61B74A6D}.Release|Any CPU.ActiveCfg = Release|Any CPU
		{E9154BCC-12FF-43B2-B90F-99CC61B74A6D}.Release|Any CPU.Build.0 = Release|Any CPU
		{D235FAB9-1BA6-42E8-9813-AFFB045ABDAC}.Debug|Any CPU.ActiveCfg = Debug|Any CPU
		{D235FAB9-1BA6-42E8-9813-AFFB045ABDAC}.Debug|Any CPU.Build.0 = Debug|Any CPU
		{D235FAB9-1BA6-42E8-9813-AFFB045ABDAC}.Release|Any CPU.ActiveCfg = Release|Any CPU
		{D235FAB9-1BA6-42E8-9813-AFFB045ABDAC}.Release|Any CPU.Build.0 = Release|Any CPU
		{81DC32DE-6A2F-4D8B-9AB0-2FD6898ECEAB}.Debug|Any CPU.ActiveCfg = Debug|Any CPU
		{81DC32DE-6A2F-4D8B-9AB0-2FD6898ECEAB}.Debug|Any CPU.Build.0 = Debug|Any CPU
		{81DC32DE-6A2F-4D8B-9AB0-2FD6898ECEAB}.Release|Any CPU.ActiveCfg = Release|Any CPU
		{81DC32DE-6A2F-4D8B-9AB0-2FD6898ECEAB}.Release|Any CPU.Build.0 = Release|Any CPU
		{00BA6251-1E2F-49BA-A416-413D0178A0CE}.Debug|Any CPU.ActiveCfg = Debug|Any CPU
		{00BA6251-1E2F-49BA-A416-413D0178A0CE}.Debug|Any CPU.Build.0 = Debug|Any CPU
		{00BA6251-1E2F-49BA-A416-413D0178A0CE}.Release|Any CPU.ActiveCfg = Release|Any CPU
		{00BA6251-1E2F-49BA-A416-413D0178A0CE}.Release|Any CPU.Build.0 = Release|Any CPU
		{9ABF173F-E334-448F-B0B3-BEAB6D9F8F91}.Debug|Any CPU.ActiveCfg = Debug|Any CPU
		{9ABF173F-E334-448F-B0B3-BEAB6D9F8F91}.Debug|Any CPU.Build.0 = Debug|Any CPU
		{9ABF173F-E334-448F-B0B3-BEAB6D9F8F91}.Release|Any CPU.ActiveCfg = Release|Any CPU
		{9ABF173F-E334-448F-B0B3-BEAB6D9F8F91}.Release|Any CPU.Build.0 = Release|Any CPU
		{9133B621-FB37-41B6-9875-479F0980E7FD}.Debug|Any CPU.ActiveCfg = Debug|Any CPU
		{9133B621-FB37-41B6-9875-479F0980E7FD}.Debug|Any CPU.Build.0 = Debug|Any CPU
		{9133B621-FB37-41B6-9875-479F0980E7FD}.Release|Any CPU.ActiveCfg = Release|Any CPU
		{9133B621-FB37-41B6-9875-479F0980E7FD}.Release|Any CPU.Build.0 = Release|Any CPU
		{89B7767F-2BB3-452D-8203-BAA9B6E12209}.Debug|Any CPU.ActiveCfg = Debug|Any CPU
		{89B7767F-2BB3-452D-8203-BAA9B6E12209}.Debug|Any CPU.Build.0 = Debug|Any CPU
		{89B7767F-2BB3-452D-8203-BAA9B6E12209}.Release|Any CPU.ActiveCfg = Release|Any CPU
		{89B7767F-2BB3-452D-8203-BAA9B6E12209}.Release|Any CPU.Build.0 = Release|Any CPU
	EndGlobalSection
EndGlobal
